// !$*UTF8*$!
{
	archiveVersion = 1;
	classes = {
	};
	objectVersion = 46;
	objects = {

/* Begin PBXBuildFile section */
		053509841A4A18DB00774B67 /* AppDelegate.swift in Sources */ = {isa = PBXBuildFile; fileRef = 053509831A4A18DB00774B67 /* AppDelegate.swift */; };
		053509891A4A18DB00774B67 /* ViewController.swift in Sources */ = {isa = PBXBuildFile; fileRef = 053509881A4A18DB00774B67 /* ViewController.swift */; };
		0535098C1A4A18DB00774B67 /* Main.storyboard in Resources */ = {isa = PBXBuildFile; fileRef = 0535098A1A4A18DB00774B67 /* Main.storyboard */; };
		0535098E1A4A18DB00774B67 /* Images.xcassets in Resources */ = {isa = PBXBuildFile; fileRef = 0535098D1A4A18DB00774B67 /* Images.xcassets */; };
		053509911A4A18DB00774B67 /* LaunchScreen.xib in Resources */ = {isa = PBXBuildFile; fileRef = 0535098F1A4A18DB00774B67 /* LaunchScreen.xib */; };
		0535099D1A4A18DB00774B67 /* HuntTimehopTests.swift in Sources */ = {isa = PBXBuildFile; fileRef = 0535099C1A4A18DB00774B67 /* HuntTimehopTests.swift */; };
		053509A71A4A34A100774B67 /* DataController.swift in Sources */ = {isa = PBXBuildFile; fileRef = 053509A61A4A34A000774B67 /* DataController.swift */; };
		054B4E9A1A4EFDEC00B05D65 /* Date.swift in Sources */ = {isa = PBXBuildFile; fileRef = 054B4E991A4EFDEC00B05D65 /* Date.swift */; };
		054B998F1A57166A000E4CCB /* AboutViewController.swift in Sources */ = {isa = PBXBuildFile; fileRef = 054B998E1A57166A000E4CCB /* AboutViewController.swift */; };
		054B99911A57267B000E4CCB /* DateExtension.swift in Sources */ = {isa = PBXBuildFile; fileRef = 054B99901A57267B000E4CCB /* DateExtension.swift */; };
		056EF0DC1A533B67008C9DDB /* PostDetailsViewController.swift in Sources */ = {isa = PBXBuildFile; fileRef = 056EF0DB1A533B67008C9DDB /* PostDetailsViewController.swift */; };
		05A1574F1A59EF2A00575912 /* AboutCell.swift in Sources */ = {isa = PBXBuildFile; fileRef = 05A1574E1A59EF2A00575912 /* AboutCell.swift */; };
		05A157511A5A00E400575912 /* AboutModel.swift in Sources */ = {isa = PBXBuildFile; fileRef = 05A157501A5A00E400575912 /* AboutModel.swift */; };
		05CC03EA1A50B45D0067EFF9 /* ProductCell.swift in Sources */ = {isa = PBXBuildFile; fileRef = 05CC03E91A50B45D0067EFF9 /* ProductCell.swift */; };
		05D986911A5053690016A133 /* FilterViewController.swift in Sources */ = {isa = PBXBuildFile; fileRef = 05D986901A5053690016A133 /* FilterViewController.swift */; };
/* End PBXBuildFile section */

/* Begin PBXContainerItemProxy section */
		053509971A4A18DB00774B67 /* PBXContainerItemProxy */ = {
			isa = PBXContainerItemProxy;
			containerPortal = 053509761A4A18DB00774B67 /* Project object */;
			proxyType = 1;
			remoteGlobalIDString = 0535097D1A4A18DB00774B67;
			remoteInfo = HuntTimehop;
		};
/* End PBXContainerItemProxy section */

/* Begin PBXFileReference section */
		0535097E1A4A18DB00774B67 /* HuntTimehop.app */ = {isa = PBXFileReference; explicitFileType = wrapper.application; includeInIndex = 0; path = HuntTimehop.app; sourceTree = BUILT_PRODUCTS_DIR; };
		053509821A4A18DB00774B67 /* Info.plist */ = {isa = PBXFileReference; lastKnownFileType = text.plist.xml; path = Info.plist; sourceTree = "<group>"; };
		053509831A4A18DB00774B67 /* AppDelegate.swift */ = {isa = PBXFileReference; lastKnownFileType = sourcecode.swift; path = AppDelegate.swift; sourceTree = "<group>"; };
		053509881A4A18DB00774B67 /* ViewController.swift */ = {isa = PBXFileReference; lastKnownFileType = sourcecode.swift; path = ViewController.swift; sourceTree = "<group>"; };
		0535098B1A4A18DB00774B67 /* Base */ = {isa = PBXFileReference; lastKnownFileType = file.storyboard; name = Base; path = Base.lproj/Main.storyboard; sourceTree = "<group>"; };
		0535098D1A4A18DB00774B67 /* Images.xcassets */ = {isa = PBXFileReference; lastKnownFileType = folder.assetcatalog; path = Images.xcassets; sourceTree = "<group>"; };
		053509901A4A18DB00774B67 /* Base */ = {isa = PBXFileReference; lastKnownFileType = file.xib; name = Base; path = Base.lproj/LaunchScreen.xib; sourceTree = "<group>"; };
		053509961A4A18DB00774B67 /* HuntTimehopTests.xctest */ = {isa = PBXFileReference; explicitFileType = wrapper.cfbundle; includeInIndex = 0; path = HuntTimehopTests.xctest; sourceTree = BUILT_PRODUCTS_DIR; };
		0535099B1A4A18DB00774B67 /* Info.plist */ = {isa = PBXFileReference; lastKnownFileType = text.plist.xml; path = Info.plist; sourceTree = "<group>"; };
		0535099C1A4A18DB00774B67 /* HuntTimehopTests.swift */ = {isa = PBXFileReference; lastKnownFileType = sourcecode.swift; path = HuntTimehopTests.swift; sourceTree = "<group>"; };
		053509A61A4A34A000774B67 /* DataController.swift */ = {isa = PBXFileReference; fileEncoding = 4; lastKnownFileType = sourcecode.swift; path = DataController.swift; sourceTree = "<group>"; };
		054B4E991A4EFDEC00B05D65 /* Date.swift */ = {isa = PBXFileReference; fileEncoding = 4; lastKnownFileType = sourcecode.swift; path = Date.swift; sourceTree = "<group>"; };
		054B998E1A57166A000E4CCB /* AboutViewController.swift */ = {isa = PBXFileReference; fileEncoding = 4; lastKnownFileType = sourcecode.swift; path = AboutViewController.swift; sourceTree = "<group>"; };
		054B99901A57267B000E4CCB /* DateExtension.swift */ = {isa = PBXFileReference; fileEncoding = 4; lastKnownFileType = sourcecode.swift; path = DateExtension.swift; sourceTree = "<group>"; };
		056EF0DB1A533B67008C9DDB /* PostDetailsViewController.swift */ = {isa = PBXFileReference; fileEncoding = 4; lastKnownFileType = sourcecode.swift; path = PostDetailsViewController.swift; sourceTree = "<group>"; };
		05A1574E1A59EF2A00575912 /* AboutCell.swift */ = {isa = PBXFileReference; fileEncoding = 4; lastKnownFileType = sourcecode.swift; path = AboutCell.swift; sourceTree = "<group>"; };
		05A157501A5A00E400575912 /* AboutModel.swift */ = {isa = PBXFileReference; fileEncoding = 4; lastKnownFileType = sourcecode.swift; path = AboutModel.swift; sourceTree = "<group>"; };
		05CC03E91A50B45D0067EFF9 /* ProductCell.swift */ = {isa = PBXFileReference; fileEncoding = 4; lastKnownFileType = sourcecode.swift; path = ProductCell.swift; sourceTree = "<group>"; };
		05D986901A5053690016A133 /* FilterViewController.swift */ = {isa = PBXFileReference; fileEncoding = 4; lastKnownFileType = sourcecode.swift; path = FilterViewController.swift; sourceTree = "<group>"; };
/* End PBXFileReference section */

/* Begin PBXFrameworksBuildPhase section */
		0535097B1A4A18DB00774B67 /* Frameworks */ = {
			isa = PBXFrameworksBuildPhase;
			buildActionMask = 2147483647;
			files = (
			);
			runOnlyForDeploymentPostprocessing = 0;
		};
		053509931A4A18DB00774B67 /* Frameworks */ = {
			isa = PBXFrameworksBuildPhase;
			buildActionMask = 2147483647;
			files = (
			);
			runOnlyForDeploymentPostprocessing = 0;
		};
/* End PBXFrameworksBuildPhase section */

/* Begin PBXGroup section */
		053509751A4A18DB00774B67 = {
			isa = PBXGroup;
			children = (
				053509801A4A18DB00774B67 /* HuntTimehop */,
				053509991A4A18DB00774B67 /* HuntTimehopTests */,
				0535097F1A4A18DB00774B67 /* Products */,
			);
			sourceTree = "<group>";
		};
		0535097F1A4A18DB00774B67 /* Products */ = {
			isa = PBXGroup;
			children = (
				0535097E1A4A18DB00774B67 /* HuntTimehop.app */,
				053509961A4A18DB00774B67 /* HuntTimehopTests.xctest */,
			);
			name = Products;
			sourceTree = "<group>";
		};
		053509801A4A18DB00774B67 /* HuntTimehop */ = {
			isa = PBXGroup;
			children = (
				053509831A4A18DB00774B67 /* AppDelegate.swift */,
				053509881A4A18DB00774B67 /* ViewController.swift */,
				056EF0DB1A533B67008C9DDB /* PostDetailsViewController.swift */,
				05D986901A5053690016A133 /* FilterViewController.swift */,
				054B998E1A57166A000E4CCB /* AboutViewController.swift */,
				0535098A1A4A18DB00774B67 /* Main.storyboard */,
				053509A61A4A34A000774B67 /* DataController.swift */,
				054B4E991A4EFDEC00B05D65 /* Date.swift */,
				054B99901A57267B000E4CCB /* DateExtension.swift */,
				05CC03E91A50B45D0067EFF9 /* ProductCell.swift */,
				05A1574E1A59EF2A00575912 /* AboutCell.swift */,
				05A157501A5A00E400575912 /* AboutModel.swift */,
				0535098D1A4A18DB00774B67 /* Images.xcassets */,
				0535098F1A4A18DB00774B67 /* LaunchScreen.xib */,
				053509811A4A18DB00774B67 /* Supporting Files */,
			);
			path = HuntTimehop;
			sourceTree = "<group>";
		};
		053509811A4A18DB00774B67 /* Supporting Files */ = {
			isa = PBXGroup;
			children = (
				053509821A4A18DB00774B67 /* Info.plist */,
			);
			name = "Supporting Files";
			sourceTree = "<group>";
		};
		053509991A4A18DB00774B67 /* HuntTimehopTests */ = {
			isa = PBXGroup;
			children = (
				0535099C1A4A18DB00774B67 /* HuntTimehopTests.swift */,
				0535099A1A4A18DB00774B67 /* Supporting Files */,
			);
			path = HuntTimehopTests;
			sourceTree = "<group>";
		};
		0535099A1A4A18DB00774B67 /* Supporting Files */ = {
			isa = PBXGroup;
			children = (
				0535099B1A4A18DB00774B67 /* Info.plist */,
			);
			name = "Supporting Files";
			sourceTree = "<group>";
		};
/* End PBXGroup section */

/* Begin PBXNativeTarget section */
		0535097D1A4A18DB00774B67 /* HuntTimehop */ = {
			isa = PBXNativeTarget;
			buildConfigurationList = 053509A01A4A18DB00774B67 /* Build configuration list for PBXNativeTarget "HuntTimehop" */;
			buildPhases = (
				0535097A1A4A18DB00774B67 /* Sources */,
				0535097B1A4A18DB00774B67 /* Frameworks */,
				0535097C1A4A18DB00774B67 /* Resources */,
			);
			buildRules = (
			);
			dependencies = (
			);
			name = HuntTimehop;
			productName = HuntTimehop;
			productReference = 0535097E1A4A18DB00774B67 /* HuntTimehop.app */;
			productType = "com.apple.product-type.application";
		};
		053509951A4A18DB00774B67 /* HuntTimehopTests */ = {
			isa = PBXNativeTarget;
			buildConfigurationList = 053509A31A4A18DB00774B67 /* Build configuration list for PBXNativeTarget "HuntTimehopTests" */;
			buildPhases = (
				053509921A4A18DB00774B67 /* Sources */,
				053509931A4A18DB00774B67 /* Frameworks */,
				053509941A4A18DB00774B67 /* Resources */,
			);
			buildRules = (
			);
			dependencies = (
				053509981A4A18DB00774B67 /* PBXTargetDependency */,
			);
			name = HuntTimehopTests;
			productName = HuntTimehopTests;
			productReference = 053509961A4A18DB00774B67 /* HuntTimehopTests.xctest */;
			productType = "com.apple.product-type.bundle.unit-test";
		};
/* End PBXNativeTarget section */

/* Begin PBXProject section */
		053509761A4A18DB00774B67 /* Project object */ = {
			isa = PBXProject;
			attributes = {
				LastUpgradeCheck = 0610;
				ORGANIZATIONNAME = thomas;
				TargetAttributes = {
					0535097D1A4A18DB00774B67 = {
						CreatedOnToolsVersion = 6.1.1;
						DevelopmentTeam = LCFAPK739L;
					};
					053509951A4A18DB00774B67 = {
						CreatedOnToolsVersion = 6.1.1;
						TestTargetID = 0535097D1A4A18DB00774B67;
					};
				};
			};
			buildConfigurationList = 053509791A4A18DB00774B67 /* Build configuration list for PBXProject "HuntTimehop" */;
			compatibilityVersion = "Xcode 3.2";
			developmentRegion = English;
			hasScannedForEncodings = 0;
			knownRegions = (
				en,
				Base,
			);
			mainGroup = 053509751A4A18DB00774B67;
			productRefGroup = 0535097F1A4A18DB00774B67 /* Products */;
			projectDirPath = "";
			projectRoot = "";
			targets = (
				0535097D1A4A18DB00774B67 /* HuntTimehop */,
				053509951A4A18DB00774B67 /* HuntTimehopTests */,
			);
		};
/* End PBXProject section */

/* Begin PBXResourcesBuildPhase section */
		0535097C1A4A18DB00774B67 /* Resources */ = {
			isa = PBXResourcesBuildPhase;
			buildActionMask = 2147483647;
			files = (
				0535098C1A4A18DB00774B67 /* Main.storyboard in Resources */,
				053509911A4A18DB00774B67 /* LaunchScreen.xib in Resources */,
				0535098E1A4A18DB00774B67 /* Images.xcassets in Resources */,
			);
			runOnlyForDeploymentPostprocessing = 0;
		};
		053509941A4A18DB00774B67 /* Resources */ = {
			isa = PBXResourcesBuildPhase;
			buildActionMask = 2147483647;
			files = (
			);
			runOnlyForDeploymentPostprocessing = 0;
		};
/* End PBXResourcesBuildPhase section */

/* Begin PBXSourcesBuildPhase section */
		0535097A1A4A18DB00774B67 /* Sources */ = {
			isa = PBXSourcesBuildPhase;
			buildActionMask = 2147483647;
			files = (
				05D986911A5053690016A133 /* FilterViewController.swift in Sources */,
				053509891A4A18DB00774B67 /* ViewController.swift in Sources */,
				054B4E9A1A4EFDEC00B05D65 /* Date.swift in Sources */,
				05A157511A5A00E400575912 /* AboutModel.swift in Sources */,
				054B998F1A57166A000E4CCB /* AboutViewController.swift in Sources */,
				054B99911A57267B000E4CCB /* DateExtension.swift in Sources */,
				053509A71A4A34A100774B67 /* DataController.swift in Sources */,
				053509841A4A18DB00774B67 /* AppDelegate.swift in Sources */,
				05A1574F1A59EF2A00575912 /* AboutCell.swift in Sources */,
				056EF0DC1A533B67008C9DDB /* PostDetailsViewController.swift in Sources */,
				05CC03EA1A50B45D0067EFF9 /* ProductCell.swift in Sources */,
			);
			runOnlyForDeploymentPostprocessing = 0;
		};
		053509921A4A18DB00774B67 /* Sources */ = {
			isa = PBXSourcesBuildPhase;
			buildActionMask = 2147483647;
			files = (
				0535099D1A4A18DB00774B67 /* HuntTimehopTests.swift in Sources */,
			);
			runOnlyForDeploymentPostprocessing = 0;
		};
/* End PBXSourcesBuildPhase section */

/* Begin PBXTargetDependency section */
		053509981A4A18DB00774B67 /* PBXTargetDependency */ = {
			isa = PBXTargetDependency;
			target = 0535097D1A4A18DB00774B67 /* HuntTimehop */;
			targetProxy = 053509971A4A18DB00774B67 /* PBXContainerItemProxy */;
		};
/* End PBXTargetDependency section */

/* Begin PBXVariantGroup section */
		0535098A1A4A18DB00774B67 /* Main.storyboard */ = {
			isa = PBXVariantGroup;
			children = (
				0535098B1A4A18DB00774B67 /* Base */,
			);
			name = Main.storyboard;
			sourceTree = "<group>";
		};
		0535098F1A4A18DB00774B67 /* LaunchScreen.xib */ = {
			isa = PBXVariantGroup;
			children = (
				053509901A4A18DB00774B67 /* Base */,
			);
			name = LaunchScreen.xib;
			sourceTree = "<group>";
		};
/* End PBXVariantGroup section */

/* Begin XCBuildConfiguration section */
		0535099E1A4A18DB00774B67 /* Debug */ = {
			isa = XCBuildConfiguration;
			buildSettings = {
				ALWAYS_SEARCH_USER_PATHS = NO;
				CLANG_CXX_LANGUAGE_STANDARD = "gnu++0x";
				CLANG_CXX_LIBRARY = "libc++";
				CLANG_ENABLE_MODULES = YES;
				CLANG_ENABLE_OBJC_ARC = YES;
				CLANG_WARN_BOOL_CONVERSION = YES;
				CLANG_WARN_CONSTANT_CONVERSION = YES;
				CLANG_WARN_DIRECT_OBJC_ISA_USAGE = YES_ERROR;
				CLANG_WARN_EMPTY_BODY = YES;
				CLANG_WARN_ENUM_CONVERSION = YES;
				CLANG_WARN_INT_CONVERSION = YES;
				CLANG_WARN_OBJC_ROOT_CLASS = YES_ERROR;
				CLANG_WARN_UNREACHABLE_CODE = YES;
				CLANG_WARN__DUPLICATE_METHOD_MATCH = YES;
				"CODE_SIGN_IDENTITY[sdk=iphoneos*]" = "iPhone Developer";
				COPY_PHASE_STRIP = NO;
				ENABLE_STRICT_OBJC_MSGSEND = YES;
				GCC_C_LANGUAGE_STANDARD = gnu99;
				GCC_DYNAMIC_NO_PIC = NO;
				GCC_OPTIMIZATION_LEVEL = 0;
				GCC_PREPROCESSOR_DEFINITIONS = (
					"DEBUG=1",
					"$(inherited)",
				);
				GCC_SYMBOLS_PRIVATE_EXTERN = NO;
				GCC_WARN_64_TO_32_BIT_CONVERSION = YES;
				GCC_WARN_ABOUT_RETURN_TYPE = YES_ERROR;
				GCC_WARN_UNDECLARED_SELECTOR = YES;
				GCC_WARN_UNINITIALIZED_AUTOS = YES_AGGRESSIVE;
				GCC_WARN_UNUSED_FUNCTION = YES;
				GCC_WARN_UNUSED_VARIABLE = YES;
				IPHONEOS_DEPLOYMENT_TARGET = 8.1;
				MTL_ENABLE_DEBUG_INFO = YES;
				ONLY_ACTIVE_ARCH = YES;
				SDKROOT = iphoneos;
				SWIFT_OPTIMIZATION_LEVEL = "-Onone";
				TARGETED_DEVICE_FAMILY = "1,2";
			};
			name = Debug;
		};
		0535099F1A4A18DB00774B67 /* Release */ = {
			isa = XCBuildConfiguration;
			buildSettings = {
				ALWAYS_SEARCH_USER_PATHS = NO;
				CLANG_CXX_LANGUAGE_STANDARD = "gnu++0x";
				CLANG_CXX_LIBRARY = "libc++";
				CLANG_ENABLE_MODULES = YES;
				CLANG_ENABLE_OBJC_ARC = YES;
				CLANG_WARN_BOOL_CONVERSION = YES;
				CLANG_WARN_CONSTANT_CONVERSION = YES;
				CLANG_WARN_DIRECT_OBJC_ISA_USAGE = YES_ERROR;
				CLANG_WARN_EMPTY_BODY = YES;
				CLANG_WARN_ENUM_CONVERSION = YES;
				CLANG_WARN_INT_CONVERSION = YES;
				CLANG_WARN_OBJC_ROOT_CLASS = YES_ERROR;
				CLANG_WARN_UNREACHABLE_CODE = YES;
				CLANG_WARN__DUPLICATE_METHOD_MATCH = YES;
				"CODE_SIGN_IDENTITY[sdk=iphoneos*]" = "iPhone Developer";
				COPY_PHASE_STRIP = YES;
				ENABLE_NS_ASSERTIONS = NO;
				ENABLE_STRICT_OBJC_MSGSEND = YES;
				GCC_C_LANGUAGE_STANDARD = gnu99;
				GCC_WARN_64_TO_32_BIT_CONVERSION = YES;
				GCC_WARN_ABOUT_RETURN_TYPE = YES_ERROR;
				GCC_WARN_UNDECLARED_SELECTOR = YES;
				GCC_WARN_UNINITIALIZED_AUTOS = YES_AGGRESSIVE;
				GCC_WARN_UNUSED_FUNCTION = YES;
				GCC_WARN_UNUSED_VARIABLE = YES;
				IPHONEOS_DEPLOYMENT_TARGET = 8.1;
				MTL_ENABLE_DEBUG_INFO = NO;
				SDKROOT = iphoneos;
				TARGETED_DEVICE_FAMILY = "1,2";
				VALIDATE_PRODUCT = YES;
			};
			name = Release;
		};
		053509A11A4A18DB00774B67 /* Debug */ = {
			isa = XCBuildConfiguration;
			buildSettings = {
				ASSETCATALOG_COMPILER_APPICON_NAME = AppIcon;
				CODE_SIGN_IDENTITY = "iPhone Developer";
				INFOPLIST_FILE = HuntTimehop/Info.plist;
				IPHONEOS_DEPLOYMENT_TARGET = 8.0;
				LD_RUNPATH_SEARCH_PATHS = "$(inherited) @executable_path/Frameworks";
				PRODUCT_NAME = "$(TARGET_NAME)";
				TARGETED_DEVICE_FAMILY = 1;
			};
			name = Debug;
		};
		053509A21A4A18DB00774B67 /* Release */ = {
			isa = XCBuildConfiguration;
			buildSettings = {
				ASSETCATALOG_COMPILER_APPICON_NAME = AppIcon;
				CODE_SIGN_IDENTITY = "iPhone Developer";
				INFOPLIST_FILE = HuntTimehop/Info.plist;
				IPHONEOS_DEPLOYMENT_TARGET = 8.0;
				LD_RUNPATH_SEARCH_PATHS = "$(inherited) @executable_path/Frameworks";
				PRODUCT_NAME = "$(TARGET_NAME)";
				TARGETED_DEVICE_FAMILY = 1;
			};
			name = Release;
		};
		053509A41A4A18DB00774B67 /* Debug */ = {
			isa = XCBuildConfiguration;
			buildSettings = {
				BUNDLE_LOADER = "$(TEST_HOST)";
				FRAMEWORK_SEARCH_PATHS = (
					"$(SDKROOT)/Developer/Library/Frameworks",
					"$(inherited)",
				);
				GCC_PREPROCESSOR_DEFINITIONS = (
					"DEBUG=1",
					"$(inherited)",
				);
				INFOPLIST_FILE = HuntTimehopTests/Info.plist;
				LD_RUNPATH_SEARCH_PATHS = "$(inherited) @executable_path/Frameworks @loader_path/Frameworks";
				PRODUCT_NAME = "$(TARGET_NAME)";
				TEST_HOST = "$(BUILT_PRODUCTS_DIR)/HuntTimehop.app/HuntTimehop";
			};
			name = Debug;
		};
		053509A51A4A18DB00774B67 /* Release */ = {
			isa = XCBuildConfiguration;
			buildSettings = {
				BUNDLE_LOADER = "$(TEST_HOST)";
				FRAMEWORK_SEARCH_PATHS = (
					"$(SDKROOT)/Developer/Library/Frameworks",
					"$(inherited)",
				);
				INFOPLIST_FILE = HuntTimehopTests/Info.plist;
				LD_RUNPATH_SEARCH_PATHS = "$(inherited) @executable_path/Frameworks @loader_path/Frameworks";
				PRODUCT_NAME = "$(TARGET_NAME)";
				TEST_HOST = "$(BUILT_PRODUCTS_DIR)/HuntTimehop.app/HuntTimehop";
			};
			name = Release;
		};
/* End XCBuildConfiguration section */

/* Begin XCConfigurationList section */
		053509791A4A18DB00774B67 /* Build configuration list for PBXProject "HuntTimehop" */ = {
			isa = XCConfigurationList;
			buildConfigurations = (
				0535099E1A4A18DB00774B67 /* Debug */,
				0535099F1A4A18DB00774B67 /* Release */,
			);
			defaultConfigurationIsVisible = 0;
			defaultConfigurationName = Release;
		};
		053509A01A4A18DB00774B67 /* Build configuration list for PBXNativeTarget "HuntTimehop" */ = {
			isa = XCConfigurationList;
			buildConfigurations = (
				053509A11A4A18DB00774B67 /* Debug */,
				053509A21A4A18DB00774B67 /* Release */,
			);
			defaultConfigurationIsVisible = 0;
			defaultConfigurationName = Release;
		};
		053509A31A4A18DB00774B67 /* Build configuration list for PBXNativeTarget "HuntTimehopTests" */ = {
			isa = XCConfigurationList;
			buildConfigurations = (
				053509A41A4A18DB00774B67 /* Debug */,
				053509A51A4A18DB00774B67 /* Release */,
			);
			defaultConfigurationIsVisible = 0;
			defaultConfigurationName = Release;
		};
/* End XCConfigurationList section */
	};
	rootObject = 053509761A4A18DB00774B67 /* Project object */;
}
